// !$*UTF8*$!
{
	archiveVersion = 1;
	classes = {
	};
	objectVersion = 56;
	objects = {

/* Begin PBXBuildFile section */
		B0010001 /* TellmeApp.swift in Sources */ = {isa = PBXBuildFile; fileRef = F0010001 /* TellmeApp.swift */; };
		B0010002 /* ContentView.swift in Sources */ = {isa = PBXBuildFile; fileRef = F0010002 /* ContentView.swift */; };
		B0010003 /* WebView.swift in Sources */ = {isa = PBXBuildFile; fileRef = F0010003 /* WebView.swift */; };
/* End PBXBuildFile section */

/* Begin PBXFileReference section */
		F0000001 /* TellMe.app */ = {isa = PBXFileReference; explicitFileType = wrapper.application; includeInIndex = 0; path = TellMe.app; sourceTree = BUILT_PRODUCTS_DIR; };
		F0010001 /* TellmeApp.swift */ = {isa = PBXFileReference; lastKnownFileType = sourcecode.swift; path = TellmeApp.swift; sourceTree = "<group>"; };
		F0010002 /* ContentView.swift */ = {isa = PBXFileReference; lastKnownFileType = sourcecode.swift; path = ContentView.swift; sourceTree = "<group>"; };
		F0010003 /* WebView.swift */ = {isa = PBXFileReference; lastKnownFileType = sourcecode.swift; path = WebView.swift; sourceTree = "<group>"; };
		F0010004 /* Info.plist */ = {isa = PBXFileReference; lastKnownFileType = text.plist.xml; path = Info.plist; sourceTree = "<group>"; };
/* End PBXFileReference section */

/* Begin PBXFrameworksBuildPhase section */
		FW010001 /* Frameworks */ = {
			isa = PBXFrameworksBuildPhase;
			buildActionMask = 2147483647;
			files = (
			);
			runOnlyForDeploymentPostprocessing = 0;
		};
/* End PBXFrameworksBuildPhase section */

/* Begin PBXGroup section */
		G0010001 = {
			isa = PBXGroup;
			children = (
				G0010002 /* TellMe */,
				G0010003 /* Products */,
			);
			sourceTree = "<group>";
		};
		G0010002 /* TellMe */ = {
			isa = PBXGroup;
			children = (
				F0010001 /* TellmeApp.swift */,
				F0010002 /* ContentView.swift */,
				F0010003 /* WebView.swift */,
				F0010004 /* Info.plist */,
			);
			path = TellMe;
			sourceTree = "<group>";
		};
		G0010003 /* Products */ = {
			isa = PBXGroup;
			children = (
				F0000001 /* TellMe.app */,
			);
			name = Products;
			sourceTree = "<group>";
		};
/* End PBXGroup section */

/* Begin PBXNativeTarget section */
		T0010001 /* TellMe */ = {
			isa = PBXNativeTarget;
			buildConfigurationList = CFG000002 /* Build configuration list for PBXNativeTarget "TellMe" */;
			buildPhases = (
				SRC01001 /* Sources */,
				FW010001 /* Frameworks */,
				RS010001 /* Sync tellme.html */,
			);
			buildRules = (
			);
			dependencies = (
			);
			name = TellMe;
			productName = TellMe;
			productReference = F0000001 /* TellMe.app */;
			productType = "com.apple.product-type.application";
		};
/* End PBXNativeTarget section */

/* Begin PBXProject section */
		P0010001 /* Project object */ = {
			isa = PBXProject;
			attributes = {
				BuildIndependentTargetsInParallel = 1;
				LastSwiftUpdateCheck = 1500;
				LastUpgradeCheck = 1500;
				TargetAttributes = {
					T0010001 = {
						CreatedOnToolsVersion = 15.0;
					};
				};
			};
			buildConfigurationList = CFG000001 /* Build configuration list for PBXProject "TellMe" */;
			compatibilityVersion = "Xcode 14.0";
			developmentRegion = en;
			hasScannedForEncodings = 0;
			knownRegions = (
				en,
				Base,
			);
			mainGroup = G0010001;
			productRefGroup = G0010003 /* Products */;
			projectDirPath = "";
			projectRoot = "";
			targets = (
				T0010001 /* TellMe */,
			);
		};
/* End PBXProject section */

/* Begin PBXShellScriptBuildPhase section */
		RS010001 /* Sync tellme.html */ = {
			isa = PBXShellScriptBuildPhase;
			alwaysOutOfDate = 1;
			buildActionMask = 2147483647;
			files = (
			);
			inputFileListPaths = (
			);
			inputPaths = (
			);
			name = "Sync tellme.html";
			outputFileListPaths = (
			);
			outputPaths = (
			);
			runOnlyForDeploymentPostprocessing = 0;
			shellPath = /bin/sh;
			shellScript = "set -e\nSRC_HTML=\"${SRCROOT}/../tellme.html\"\nAPP_DIR=\"${TARGET_BUILD_DIR}/${WRAPPER_NAME}\"\nDEST=\"${APP_DIR}/tellme.html\"\nif [ ! -f \"$SRC_HTML\" ]; then\n  echo \"error: tellme.html not found at $SRC_HTML\"\n  exit 1\nfi\nmkdir -p \"$APP_DIR\"\ncp \"$SRC_HTML\" \"$DEST\"\necho \"Synced tellme.html -> $DEST\"\n";
		};
/* End PBXShellScriptBuildPhase section */

/* Begin PBXSourcesBuildPhase section */
		SRC01001 /* Sources */ = {
			isa = PBXSourcesBuildPhase;
			buildActionMask = 2147483647;
			files = (
				B0010001 /* TellmeApp.swift in Sources */,
				B0010002 /* ContentView.swift in Sources */,
				B0010003 /* WebView.swift in Sources */,
			);
			runOnlyForDeploymentPostprocessing = 0;
		};
/* End PBXSourcesBuildPhase section */

/* Begin XCBuildConfiguration section */
		CFG10001 /* Debug */ = {
			isa = XCBuildConfiguration;
			buildSettings = {
				ASSETCATALOG_COMPILER_GENERATE_SWIFT_ASSET_SYMBOL_EXTENSIONS = YES;
				CODE_SIGN_IDENTITY = "Apple Development";
				CODE_SIGN_STYLE = Automatic;
				CURRENT_PROJECT_VERSION = 1;
				DEVELOPMENT_TEAM = "";
				GENERATE_INFOPLIST_FILE = NO;
				INFOPLIST_FILE = TellMe/Info.plist;
				INFOPLIST_KEY_CFBundleDisplayName = Tellme;
				INFOPLIST_KEY_LSApplicationCategoryType = "public.app-category.social-networking";
				INFOPLIST_KEY_UIApplicationSupportsIndirectInputEvents = YES;
				LD_RUNPATH_SEARCH_PATHS = (
					"$(inherited)",
					"@executable_path/Frameworks",
				);
				MARKETING_VERSION = 1.0;
				PRODUCT_BUNDLE_IDENTIFIER = com.tellme.app;
				PRODUCT_NAME = "$(TARGET_NAME)";
				SWIFT_EMIT_LOC_STRINGS = YES;
				SWIFT_VERSION = 5.0;
				TARGETED_DEVICE_FAMILY = "1,2";
			};
			name = Debug;
		};
		CFG10002 /* Release */ = {
			isa = XCBuildConfiguration;
			buildSettings = {
				ASSETCATALOG_COMPILER_GENERATE_SWIFT_ASSET_SYMBOL_EXTENSIONS = YES;
				CODE_SIGN_IDENTITY = "Apple Development";
				CODE_SIGN_STYLE = Automatic;
				CURRENT_PROJECT_VERSION = 1;
				DEVELOPMENT_TEAM = "";
				GENERATE_INFOPLIST_FILE = NO;
				INFOPLIST_FILE = TellMe/Info.plist;
				INFOPLIST_KEY_CFBundleDisplayName = Tellme;
				INFOPLIST_KEY_LSApplicationCategoryType = "public.app-category.social-networking";
				INFOPLIST_KEY_UIApplicationSupportsIndirectInputEvents = YES;
				LD_RUNPATH_SEARCH_PATHS = (
					"$(inherited)",
					"@executable_path/Frameworks",
				);
				MARKETING_VERSION = 1.0;
				PRODUCT_BUNDLE_IDENTIFIER = com.tellme.app;
				PRODUCT_NAME = "$(TARGET_NAME)";
				SWIFT_EMIT_LOC_STRINGS = YES;
				SWIFT_VERSION = 5.0;
				TARGETED_DEVICE_FAMILY = "1,2";
			};
			name = Release;
		};
		CFG20001 /* Debug */ = {
			isa = XCBuildConfiguration;
			buildSettings = {
				ALWAYS_SEARCH_USER_PATHS = NO;
				CLANG_ENABLE_MODULES = YES;
				COPY_PHASE_STRIP = NO;
				DEBUG_INFORMATION_FORMAT = dwarf;
				ENABLE_TESTABILITY = YES;
				GCC_DYNAMIC_NO_PIC = NO;
				GCC_OPTIMIZATION_LEVEL = 0;
				IPHONEOS_DEPLOYMENT_TARGET = 16.4;
				MTL_ENABLE_DEBUG_INFO = INCLUDE_SOURCE;
				MTL_FAST_MATH = YES;
				ONLY_ACTIVE_ARCH = YES;
				SDKROOT = iphoneos;
				SWIFT_ACTIVE_COMPILATION_CONDITIONS = DEBUG;
				SWIFT_OPTIMIZATION_LEVEL = "-Onone";
			};
			name = Debug;
		};
		CFG20002 /* Release */ = {
			isa = XCBuildConfiguration;
			buildSettings = {
				ALWAYS_SEARCH_USER_PATHS = NO;
				CLANG_ENABLE_MODULES = YES;
				COPY_PHASE_STRIP = NO;
				DEBUG_INFORMATION_FORMAT = "dwarf-with-dsym";
				ENABLE_NS_ASSERTIONS = NO;
				IPHONEOS_DEPLOYMENT_TARGET = 16.4;
				MTL_ENABLE_DEBUG_INFO = NO;
				MTL_FAST_MATH = YES;
				SDKROOT = iphoneos;
				SWIFT_COMPILATION_MODE = wholemodule;
				VALIDATE_PRODUCT = YES;
			};
			name = Release;
		};
/* End XCBuildConfiguration section */

/* Begin XCConfigurationList section */
		CFG000001 /* Build configuration list for PBXProject "TellMe" */ = {
			isa = XCConfigurationList;
			buildConfigurations = (
				CFG20001 /* Debug */,
				CFG20002 /* Release */,
			);
			defaultConfigurationIsVisible = 0;
			defaultConfigurationName = Release;
		};
		CFG000002 /* Build configuration list for PBXNativeTarget "TellMe" */ = {
			isa = XCConfigurationList;
			buildConfigurations = (
				CFG10001 /* Debug */,
				CFG10002 /* Release */,
			);
			defaultConfigurationIsVisible = 0;
			defaultConfigurationName = Release;
		};
/* End XCConfigurationList section */
	};
	rootObject = P0010001 /* Project object */;
}
